
Microsoft Visual Studio Solution File, Format Version 12.00
# Visual Studio Version 16
VisualStudioVersion = 16.0.30114.105
MinimumVisualStudioVersion = 10.0.40219.1
Project("{FAE04EC0-301F-11D3-BF4B-00C04F79EFBC}") = "Confab.Bootstrapper", "src\Bootstraper\Confab.Bootstrapper\Confab.Bootstrapper.csproj", "{BECDF751-F1E0-4DC6-AC2C-9C8413613DC5}"
EndProject
Project("{2150E333-8FDC-42A3-9474-1A3956D46DE8}") = "src", "src", "{7B1F9A92-693F-4A30-BCCC-15FF58027582}"
EndProject
Project("{2150E333-8FDC-42A3-9474-1A3956D46DE8}") = "tests", "tests", "{9021DDA0-CBFC-4B24-9B93-F4020119C09B}"
EndProject
Project("{2150E333-8FDC-42A3-9474-1A3956D46DE8}") = "Bootstraper", "Bootstraper", "{CAE907CD-DAC0-4B8F-879E-79DA8935E057}"
EndProject
Project("{2150E333-8FDC-42A3-9474-1A3956D46DE8}") = "Modules", "Modules", "{B6D4CEF5-73C8-4ED3-B490-0590B75FC7A0}"
EndProject
Project("{2150E333-8FDC-42A3-9474-1A3956D46DE8}") = "Shared", "Shared", "{49324340-8B99-4D77-9BA7-F9D264C37BD2}"
EndProject
Project("{FAE04EC0-301F-11D3-BF4B-00C04F79EFBC}") = "Confab.Shared.Abstractions", "src\Shared\Confab.Shared.Abstractions\Confab.Shared.Abstractions.csproj", "{CA323FCF-AF12-4D1F-8229-0B11E90C36E8}"
EndProject
Project("{FAE04EC0-301F-11D3-BF4B-00C04F79EFBC}") = "Confab.Shared.Infrastructure", "src\Shared\Confab.Shared.Infrastructure\Confab.Shared.Infrastructure.csproj", "{2011B1A0-A361-4767-A472-6E0BE754DFEC}"
EndProject
Project("{2150E333-8FDC-42A3-9474-1A3956D46DE8}") = "Conferences", "Conferences", "{68DEB8A4-E1BB-4C0C-A1F7-93BD41B55862}"
EndProject
Project("{FAE04EC0-301F-11D3-BF4B-00C04F79EFBC}") = "Confab.Modules.Conferences.Api", "src\Modules\Conferences\Confab.Modules.Conferences.Api\Confab.Modules.Conferences.Api.csproj", "{6B5BEDBF-39AF-48A6-AE5F-86AB01D92CF2}"
EndProject
Project("{FAE04EC0-301F-11D3-BF4B-00C04F79EFBC}") = "Confab.Modules.Conferences.Core", "src\Modules\Conferences\Confab.Modules.Conferences.Core\Confab.Modules.Conferences.Core.csproj", "{6F44ADE9-0191-4575-8F99-66B6A30B1BB8}"
EndProject
Project("{2150E333-8FDC-42A3-9474-1A3956D46DE8}") = "Speakers", "Speakers", "{4B8F9B7D-2C9C-46B6-AB2D-4EF74A8771A7}"
EndProject
Project("{FAE04EC0-301F-11D3-BF4B-00C04F79EFBC}") = "Confab.Modules.Speakers.Api", "src\Modules\Confab.Modules.Speakers.Api\Confab.Modules.Speakers.Api.csproj", "{744DA0E2-CCC8-4252-8FA3-3BA67B2C2C93}"
EndProject
Project("{FAE04EC0-301F-11D3-BF4B-00C04F79EFBC}") = "Confab.Modules.Speakers.Core", "src\Modules\Confab.Modules.Speakers.Core\Confab.Modules.Speakers.Core.csproj", "{054F7D97-BCDE-4358-A448-B13B4FD9764A}"
EndProject
Project("{2150E333-8FDC-42A3-9474-1A3956D46DE8}") = "Users", "Users", "{07B92A21-E9C4-4774-ACD2-344B6DB7A82D}"
EndProject
Project("{FAE04EC0-301F-11D3-BF4B-00C04F79EFBC}") = "Confab.Modules.Users.Api", "src\Modules\Users\Confab.Modules.Users.Api\Confab.Modules.Users.Api.csproj", "{571EBA10-0863-4A47-8F5D-D6FA7AB48AD9}"
EndProject
Project("{FAE04EC0-301F-11D3-BF4B-00C04F79EFBC}") = "Confab.Modules.Users.Core", "src\Modules\Users\Confab.Modules.Users.Core\Confab.Modules.Users.Core.csproj", "{11CB4D80-9393-4991-B681-DC8807AC22BB}"
EndProject
Project("{2150E333-8FDC-42A3-9474-1A3956D46DE8}") = "Tickets", "Tickets", "{6BA94A1E-1245-4D6A-BDAF-B21E7B5FF244}"
EndProject
Project("{FAE04EC0-301F-11D3-BF4B-00C04F79EFBC}") = "Confab.Modules.Tickets.Api", "src\Modules\Tickets\Confab.Modules.Tickets.Api\Confab.Modules.Tickets.Api.csproj", "{3FE092DC-2AD0-4DD7-97D6-715E590944A1}"
EndProject
Project("{FAE04EC0-301F-11D3-BF4B-00C04F79EFBC}") = "Confab.Modules.Tickets.Core", "src\Modules\Tickets\Confab.Modules.Tickets.Core\Confab.Modules.Tickets.Core.csproj", "{3714A08E-EBD9-4807-8B16-FD6A9892DFB4}"
EndProject
Project("{FAE04EC0-301F-11D3-BF4B-00C04F79EFBC}") = "Confab.Modules.Conferences.Messages", "src\Modules\Conferences\Confab.Modules.Conferences.Messages\Confab.Modules.Conferences.Messages.csproj", "{45D4F6CC-1AA8-4013-9FC2-B4B3B3D4522A}"
EndProject
Project("{2150E333-8FDC-42A3-9474-1A3956D46DE8}") = "Agendas", "Agendas", "{59AB43C5-B5F2-4992-B9A1-68770618C7D1}"
EndProject
Project("{FAE04EC0-301F-11D3-BF4B-00C04F79EFBC}") = "Confab.Modules.Agendas.Domain", "src\Modules\Agendas\Confab.Modules.Agendas.Domain\Confab.Modules.Agendas.Domain.csproj", "{1639D873-87D1-4C57-88F6-D6E09A3CB6B8}"
EndProject
Project("{FAE04EC0-301F-11D3-BF4B-00C04F79EFBC}") = "Confab.Modules.Agendas.Application", "src\Modules\Agendas\Confab.Modules.Agendas.Application\Confab.Modules.Agendas.Application.csproj", "{7A0C615A-441E-459A-A3F8-7EB8E5BBA9B5}"
EndProject
Project("{FAE04EC0-301F-11D3-BF4B-00C04F79EFBC}") = "Confab.Modules.Agendas.Infrastructure", "src\Modules\Agendas\Confab.Modules.Agendas.Infrastructure\Confab.Modules.Agendas.Infrastructure.csproj", "{5BCE2CD5-4DF1-4268-914A-C5C6AB596D1D}"
EndProject
Project("{FAE04EC0-301F-11D3-BF4B-00C04F79EFBC}") = "Confab.Modules.Agendas.Api", "src\Modules\Agendas\Confab.Modules.Agendas.Api\Confab.Modules.Agendas.Api.csproj", "{34E5989B-6705-44D3-8D32-EF92939EEE8E}"
EndProject
Project("{2150E333-8FDC-42A3-9474-1A3956D46DE8}") = "Attendances", "Attendances", "{B7443D1D-AAAB-4656-8729-326A9316EEF9}"
EndProject
Project("{FAE04EC0-301F-11D3-BF4B-00C04F79EFBC}") = "Confab.Modules.Attendances.Api", "src\Modules\Attendances\Confab.Modules.Attendances.Api\Confab.Modules.Attendances.Api.csproj", "{509EB383-7C2C-4A43-A936-C5E536615031}"
EndProject
Project("{FAE04EC0-301F-11D3-BF4B-00C04F79EFBC}") = "Confab.Modules.Attendances.Domain", "src\Modules\Attendances\Confab.Modules.Attendances.Domain\Confab.Modules.Attendances.Domain.csproj", "{0B36F92D-F2CB-4EC0-A91E-8B740556869F}"
EndProject
Project("{FAE04EC0-301F-11D3-BF4B-00C04F79EFBC}") = "Confab.Modules.Attendances.Application", "src\Modules\Attendances\Confab.Modules.Attendances.Application\Confab.Modules.Attendances.Application.csproj", "{B0188DD3-AFB5-41FA-A3B4-8F5B8122A9C5}"
EndProject
Project("{FAE04EC0-301F-11D3-BF4B-00C04F79EFBC}") = "Confab.Modules.Attendances.Infrastructure", "src\Modules\Attendances\Confab.Modules.Attendances.Infrastructure\Confab.Modules.Attendances.Infrastructure.csproj", "{28185E72-260D-40A9-848D-F0EED1780C14}"
EndProject
Project("{FAE04EC0-301F-11D3-BF4B-00C04F79EFBC}") = "Confab.Modules.Attendances.Tests.Unit", "tests\Modules\Attendances\Confab.Modules.Attendances.Tests.Unit\Confab.Modules.Attendances.Tests.Unit.csproj", "{2411BF0A-0E07-420F-93CA-F5988E6EEE29}"
EndProject
Global
	GlobalSection(SolutionConfigurationPlatforms) = preSolution
		Debug|Any CPU = Debug|Any CPU
		Debug|x64 = Debug|x64
		Debug|x86 = Debug|x86
		Release|Any CPU = Release|Any CPU
		Release|x64 = Release|x64
		Release|x86 = Release|x86
	EndGlobalSection
	GlobalSection(SolutionProperties) = preSolution
		HideSolutionNode = FALSE
	EndGlobalSection
	GlobalSection(ProjectConfigurationPlatforms) = postSolution
		{BECDF751-F1E0-4DC6-AC2C-9C8413613DC5}.Debug|Any CPU.ActiveCfg = Debug|Any CPU
		{BECDF751-F1E0-4DC6-AC2C-9C8413613DC5}.Debug|Any CPU.Build.0 = Debug|Any CPU
		{BECDF751-F1E0-4DC6-AC2C-9C8413613DC5}.Debug|x64.ActiveCfg = Debug|Any CPU
		{BECDF751-F1E0-4DC6-AC2C-9C8413613DC5}.Debug|x64.Build.0 = Debug|Any CPU
		{BECDF751-F1E0-4DC6-AC2C-9C8413613DC5}.Debug|x86.ActiveCfg = Debug|Any CPU
		{BECDF751-F1E0-4DC6-AC2C-9C8413613DC5}.Debug|x86.Build.0 = Debug|Any CPU
		{BECDF751-F1E0-4DC6-AC2C-9C8413613DC5}.Release|Any CPU.ActiveCfg = Release|Any CPU
		{BECDF751-F1E0-4DC6-AC2C-9C8413613DC5}.Release|Any CPU.Build.0 = Release|Any CPU
		{BECDF751-F1E0-4DC6-AC2C-9C8413613DC5}.Release|x64.ActiveCfg = Release|Any CPU
		{BECDF751-F1E0-4DC6-AC2C-9C8413613DC5}.Release|x64.Build.0 = Release|Any CPU
		{BECDF751-F1E0-4DC6-AC2C-9C8413613DC5}.Release|x86.ActiveCfg = Release|Any CPU
		{BECDF751-F1E0-4DC6-AC2C-9C8413613DC5}.Release|x86.Build.0 = Release|Any CPU
		{CA323FCF-AF12-4D1F-8229-0B11E90C36E8}.Debug|Any CPU.ActiveCfg = Debug|Any CPU
		{CA323FCF-AF12-4D1F-8229-0B11E90C36E8}.Debug|Any CPU.Build.0 = Debug|Any CPU
		{CA323FCF-AF12-4D1F-8229-0B11E90C36E8}.Debug|x64.ActiveCfg = Debug|Any CPU
		{CA323FCF-AF12-4D1F-8229-0B11E90C36E8}.Debug|x64.Build.0 = Debug|Any CPU
		{CA323FCF-AF12-4D1F-8229-0B11E90C36E8}.Debug|x86.ActiveCfg = Debug|Any CPU
		{CA323FCF-AF12-4D1F-8229-0B11E90C36E8}.Debug|x86.Build.0 = Debug|Any CPU
		{CA323FCF-AF12-4D1F-8229-0B11E90C36E8}.Release|Any CPU.ActiveCfg = Release|Any CPU
		{CA323FCF-AF12-4D1F-8229-0B11E90C36E8}.Release|Any CPU.Build.0 = Release|Any CPU
		{CA323FCF-AF12-4D1F-8229-0B11E90C36E8}.Release|x64.ActiveCfg = Release|Any CPU
		{CA323FCF-AF12-4D1F-8229-0B11E90C36E8}.Release|x64.Build.0 = Release|Any CPU
		{CA323FCF-AF12-4D1F-8229-0B11E90C36E8}.Release|x86.ActiveCfg = Release|Any CPU
		{CA323FCF-AF12-4D1F-8229-0B11E90C36E8}.Release|x86.Build.0 = Release|Any CPU
		{2011B1A0-A361-4767-A472-6E0BE754DFEC}.Debug|Any CPU.ActiveCfg = Debug|Any CPU
		{2011B1A0-A361-4767-A472-6E0BE754DFEC}.Debug|Any CPU.Build.0 = Debug|Any CPU
		{2011B1A0-A361-4767-A472-6E0BE754DFEC}.Debug|x64.ActiveCfg = Debug|Any CPU
		{2011B1A0-A361-4767-A472-6E0BE754DFEC}.Debug|x64.Build.0 = Debug|Any CPU
		{2011B1A0-A361-4767-A472-6E0BE754DFEC}.Debug|x86.ActiveCfg = Debug|Any CPU
		{2011B1A0-A361-4767-A472-6E0BE754DFEC}.Debug|x86.Build.0 = Debug|Any CPU
		{2011B1A0-A361-4767-A472-6E0BE754DFEC}.Release|Any CPU.ActiveCfg = Release|Any CPU
		{2011B1A0-A361-4767-A472-6E0BE754DFEC}.Release|Any CPU.Build.0 = Release|Any CPU
		{2011B1A0-A361-4767-A472-6E0BE754DFEC}.Release|x64.ActiveCfg = Release|Any CPU
		{2011B1A0-A361-4767-A472-6E0BE754DFEC}.Release|x64.Build.0 = Release|Any CPU
		{2011B1A0-A361-4767-A472-6E0BE754DFEC}.Release|x86.ActiveCfg = Release|Any CPU
		{2011B1A0-A361-4767-A472-6E0BE754DFEC}.Release|x86.Build.0 = Release|Any CPU
		{6B5BEDBF-39AF-48A6-AE5F-86AB01D92CF2}.Debug|Any CPU.ActiveCfg = Debug|Any CPU
		{6B5BEDBF-39AF-48A6-AE5F-86AB01D92CF2}.Debug|Any CPU.Build.0 = Debug|Any CPU
		{6B5BEDBF-39AF-48A6-AE5F-86AB01D92CF2}.Debug|x64.ActiveCfg = Debug|Any CPU
		{6B5BEDBF-39AF-48A6-AE5F-86AB01D92CF2}.Debug|x64.Build.0 = Debug|Any CPU
		{6B5BEDBF-39AF-48A6-AE5F-86AB01D92CF2}.Debug|x86.ActiveCfg = Debug|Any CPU
		{6B5BEDBF-39AF-48A6-AE5F-86AB01D92CF2}.Debug|x86.Build.0 = Debug|Any CPU
		{6B5BEDBF-39AF-48A6-AE5F-86AB01D92CF2}.Release|Any CPU.ActiveCfg = Release|Any CPU
		{6B5BEDBF-39AF-48A6-AE5F-86AB01D92CF2}.Release|Any CPU.Build.0 = Release|Any CPU
		{6B5BEDBF-39AF-48A6-AE5F-86AB01D92CF2}.Release|x64.ActiveCfg = Release|Any CPU
		{6B5BEDBF-39AF-48A6-AE5F-86AB01D92CF2}.Release|x64.Build.0 = Release|Any CPU
		{6B5BEDBF-39AF-48A6-AE5F-86AB01D92CF2}.Release|x86.ActiveCfg = Release|Any CPU
		{6B5BEDBF-39AF-48A6-AE5F-86AB01D92CF2}.Release|x86.Build.0 = Release|Any CPU
		{6F44ADE9-0191-4575-8F99-66B6A30B1BB8}.Debug|Any CPU.ActiveCfg = Debug|Any CPU
		{6F44ADE9-0191-4575-8F99-66B6A30B1BB8}.Debug|Any CPU.Build.0 = Debug|Any CPU
		{6F44ADE9-0191-4575-8F99-66B6A30B1BB8}.Debug|x64.ActiveCfg = Debug|Any CPU
		{6F44ADE9-0191-4575-8F99-66B6A30B1BB8}.Debug|x64.Build.0 = Debug|Any CPU
		{6F44ADE9-0191-4575-8F99-66B6A30B1BB8}.Debug|x86.ActiveCfg = Debug|Any CPU
		{6F44ADE9-0191-4575-8F99-66B6A30B1BB8}.Debug|x86.Build.0 = Debug|Any CPU
		{6F44ADE9-0191-4575-8F99-66B6A30B1BB8}.Release|Any CPU.ActiveCfg = Release|Any CPU
		{6F44ADE9-0191-4575-8F99-66B6A30B1BB8}.Release|Any CPU.Build.0 = Release|Any CPU
		{6F44ADE9-0191-4575-8F99-66B6A30B1BB8}.Release|x64.ActiveCfg = Release|Any CPU
		{6F44ADE9-0191-4575-8F99-66B6A30B1BB8}.Release|x64.Build.0 = Release|Any CPU
		{6F44ADE9-0191-4575-8F99-66B6A30B1BB8}.Release|x86.ActiveCfg = Release|Any CPU
		{6F44ADE9-0191-4575-8F99-66B6A30B1BB8}.Release|x86.Build.0 = Release|Any CPU
		{744DA0E2-CCC8-4252-8FA3-3BA67B2C2C93}.Debug|Any CPU.ActiveCfg = Debug|Any CPU
		{744DA0E2-CCC8-4252-8FA3-3BA67B2C2C93}.Debug|Any CPU.Build.0 = Debug|Any CPU
		{744DA0E2-CCC8-4252-8FA3-3BA67B2C2C93}.Debug|x64.ActiveCfg = Debug|Any CPU
		{744DA0E2-CCC8-4252-8FA3-3BA67B2C2C93}.Debug|x64.Build.0 = Debug|Any CPU
		{744DA0E2-CCC8-4252-8FA3-3BA67B2C2C93}.Debug|x86.ActiveCfg = Debug|Any CPU
		{744DA0E2-CCC8-4252-8FA3-3BA67B2C2C93}.Debug|x86.Build.0 = Debug|Any CPU
		{744DA0E2-CCC8-4252-8FA3-3BA67B2C2C93}.Release|Any CPU.ActiveCfg = Release|Any CPU
		{744DA0E2-CCC8-4252-8FA3-3BA67B2C2C93}.Release|Any CPU.Build.0 = Release|Any CPU
		{744DA0E2-CCC8-4252-8FA3-3BA67B2C2C93}.Release|x64.ActiveCfg = Release|Any CPU
		{744DA0E2-CCC8-4252-8FA3-3BA67B2C2C93}.Release|x64.Build.0 = Release|Any CPU
		{744DA0E2-CCC8-4252-8FA3-3BA67B2C2C93}.Release|x86.ActiveCfg = Release|Any CPU
		{744DA0E2-CCC8-4252-8FA3-3BA67B2C2C93}.Release|x86.Build.0 = Release|Any CPU
		{054F7D97-BCDE-4358-A448-B13B4FD9764A}.Debug|Any CPU.ActiveCfg = Debug|Any CPU
		{054F7D97-BCDE-4358-A448-B13B4FD9764A}.Debug|Any CPU.Build.0 = Debug|Any CPU
		{054F7D97-BCDE-4358-A448-B13B4FD9764A}.Debug|x64.ActiveCfg = Debug|Any CPU
		{054F7D97-BCDE-4358-A448-B13B4FD9764A}.Debug|x64.Build.0 = Debug|Any CPU
		{054F7D97-BCDE-4358-A448-B13B4FD9764A}.Debug|x86.ActiveCfg = Debug|Any CPU
		{054F7D97-BCDE-4358-A448-B13B4FD9764A}.Debug|x86.Build.0 = Debug|Any CPU
		{054F7D97-BCDE-4358-A448-B13B4FD9764A}.Release|Any CPU.ActiveCfg = Release|Any CPU
		{054F7D97-BCDE-4358-A448-B13B4FD9764A}.Release|Any CPU.Build.0 = Release|Any CPU
		{054F7D97-BCDE-4358-A448-B13B4FD9764A}.Release|x64.ActiveCfg = Release|Any CPU
		{054F7D97-BCDE-4358-A448-B13B4FD9764A}.Release|x64.Build.0 = Release|Any CPU
		{054F7D97-BCDE-4358-A448-B13B4FD9764A}.Release|x86.ActiveCfg = Release|Any CPU
		{054F7D97-BCDE-4358-A448-B13B4FD9764A}.Release|x86.Build.0 = Release|Any CPU
		{571EBA10-0863-4A47-8F5D-D6FA7AB48AD9}.Debug|Any CPU.ActiveCfg = Debug|Any CPU
		{571EBA10-0863-4A47-8F5D-D6FA7AB48AD9}.Debug|Any CPU.Build.0 = Debug|Any CPU
		{571EBA10-0863-4A47-8F5D-D6FA7AB48AD9}.Debug|x64.ActiveCfg = Debug|Any CPU
		{571EBA10-0863-4A47-8F5D-D6FA7AB48AD9}.Debug|x64.Build.0 = Debug|Any CPU
		{571EBA10-0863-4A47-8F5D-D6FA7AB48AD9}.Debug|x86.ActiveCfg = Debug|Any CPU
		{571EBA10-0863-4A47-8F5D-D6FA7AB48AD9}.Debug|x86.Build.0 = Debug|Any CPU
		{571EBA10-0863-4A47-8F5D-D6FA7AB48AD9}.Release|Any CPU.ActiveCfg = Release|Any CPU
		{571EBA10-0863-4A47-8F5D-D6FA7AB48AD9}.Release|Any CPU.Build.0 = Release|Any CPU
		{571EBA10-0863-4A47-8F5D-D6FA7AB48AD9}.Release|x64.ActiveCfg = Release|Any CPU
		{571EBA10-0863-4A47-8F5D-D6FA7AB48AD9}.Release|x64.Build.0 = Release|Any CPU
		{571EBA10-0863-4A47-8F5D-D6FA7AB48AD9}.Release|x86.ActiveCfg = Release|Any CPU
		{571EBA10-0863-4A47-8F5D-D6FA7AB48AD9}.Release|x86.Build.0 = Release|Any CPU
		{11CB4D80-9393-4991-B681-DC8807AC22BB}.Debug|Any CPU.ActiveCfg = Debug|Any CPU
		{11CB4D80-9393-4991-B681-DC8807AC22BB}.Debug|Any CPU.Build.0 = Debug|Any CPU
		{11CB4D80-9393-4991-B681-DC8807AC22BB}.Debug|x64.ActiveCfg = Debug|Any CPU
		{11CB4D80-9393-4991-B681-DC8807AC22BB}.Debug|x64.Build.0 = Debug|Any CPU
		{11CB4D80-9393-4991-B681-DC8807AC22BB}.Debug|x86.ActiveCfg = Debug|Any CPU
		{11CB4D80-9393-4991-B681-DC8807AC22BB}.Debug|x86.Build.0 = Debug|Any CPU
		{11CB4D80-9393-4991-B681-DC8807AC22BB}.Release|Any CPU.ActiveCfg = Release|Any CPU
		{11CB4D80-9393-4991-B681-DC8807AC22BB}.Release|Any CPU.Build.0 = Release|Any CPU
		{11CB4D80-9393-4991-B681-DC8807AC22BB}.Release|x64.ActiveCfg = Release|Any CPU
		{11CB4D80-9393-4991-B681-DC8807AC22BB}.Release|x64.Build.0 = Release|Any CPU
		{11CB4D80-9393-4991-B681-DC8807AC22BB}.Release|x86.ActiveCfg = Release|Any CPU
		{11CB4D80-9393-4991-B681-DC8807AC22BB}.Release|x86.Build.0 = Release|Any CPU
		{3FE092DC-2AD0-4DD7-97D6-715E590944A1}.Debug|Any CPU.ActiveCfg = Debug|Any CPU
		{3FE092DC-2AD0-4DD7-97D6-715E590944A1}.Debug|Any CPU.Build.0 = Debug|Any CPU
		{3FE092DC-2AD0-4DD7-97D6-715E590944A1}.Debug|x64.ActiveCfg = Debug|Any CPU
		{3FE092DC-2AD0-4DD7-97D6-715E590944A1}.Debug|x64.Build.0 = Debug|Any CPU
		{3FE092DC-2AD0-4DD7-97D6-715E590944A1}.Debug|x86.ActiveCfg = Debug|Any CPU
		{3FE092DC-2AD0-4DD7-97D6-715E590944A1}.Debug|x86.Build.0 = Debug|Any CPU
		{3FE092DC-2AD0-4DD7-97D6-715E590944A1}.Release|Any CPU.ActiveCfg = Release|Any CPU
		{3FE092DC-2AD0-4DD7-97D6-715E590944A1}.Release|Any CPU.Build.0 = Release|Any CPU
		{3FE092DC-2AD0-4DD7-97D6-715E590944A1}.Release|x64.ActiveCfg = Release|Any CPU
		{3FE092DC-2AD0-4DD7-97D6-715E590944A1}.Release|x64.Build.0 = Release|Any CPU
		{3FE092DC-2AD0-4DD7-97D6-715E590944A1}.Release|x86.ActiveCfg = Release|Any CPU
		{3FE092DC-2AD0-4DD7-97D6-715E590944A1}.Release|x86.Build.0 = Release|Any CPU
		{3714A08E-EBD9-4807-8B16-FD6A9892DFB4}.Debug|Any CPU.ActiveCfg = Debug|Any CPU
		{3714A08E-EBD9-4807-8B16-FD6A9892DFB4}.Debug|Any CPU.Build.0 = Debug|Any CPU
		{3714A08E-EBD9-4807-8B16-FD6A9892DFB4}.Debug|x64.ActiveCfg = Debug|Any CPU
		{3714A08E-EBD9-4807-8B16-FD6A9892DFB4}.Debug|x64.Build.0 = Debug|Any CPU
		{3714A08E-EBD9-4807-8B16-FD6A9892DFB4}.Debug|x86.ActiveCfg = Debug|Any CPU
		{3714A08E-EBD9-4807-8B16-FD6A9892DFB4}.Debug|x86.Build.0 = Debug|Any CPU
		{3714A08E-EBD9-4807-8B16-FD6A9892DFB4}.Release|Any CPU.ActiveCfg = Release|Any CPU
		{3714A08E-EBD9-4807-8B16-FD6A9892DFB4}.Release|Any CPU.Build.0 = Release|Any CPU
		{3714A08E-EBD9-4807-8B16-FD6A9892DFB4}.Release|x64.ActiveCfg = Release|Any CPU
		{3714A08E-EBD9-4807-8B16-FD6A9892DFB4}.Release|x64.Build.0 = Release|Any CPU
		{3714A08E-EBD9-4807-8B16-FD6A9892DFB4}.Release|x86.ActiveCfg = Release|Any CPU
		{3714A08E-EBD9-4807-8B16-FD6A9892DFB4}.Release|x86.Build.0 = Release|Any CPU
		{45D4F6CC-1AA8-4013-9FC2-B4B3B3D4522A}.Debug|Any CPU.ActiveCfg = Debug|Any CPU
		{45D4F6CC-1AA8-4013-9FC2-B4B3B3D4522A}.Debug|Any CPU.Build.0 = Debug|Any CPU
		{45D4F6CC-1AA8-4013-9FC2-B4B3B3D4522A}.Debug|x64.ActiveCfg = Debug|Any CPU
		{45D4F6CC-1AA8-4013-9FC2-B4B3B3D4522A}.Debug|x64.Build.0 = Debug|Any CPU
		{45D4F6CC-1AA8-4013-9FC2-B4B3B3D4522A}.Debug|x86.ActiveCfg = Debug|Any CPU
		{45D4F6CC-1AA8-4013-9FC2-B4B3B3D4522A}.Debug|x86.Build.0 = Debug|Any CPU
		{45D4F6CC-1AA8-4013-9FC2-B4B3B3D4522A}.Release|Any CPU.ActiveCfg = Release|Any CPU
		{45D4F6CC-1AA8-4013-9FC2-B4B3B3D4522A}.Release|Any CPU.Build.0 = Release|Any CPU
		{45D4F6CC-1AA8-4013-9FC2-B4B3B3D4522A}.Release|x64.ActiveCfg = Release|Any CPU
		{45D4F6CC-1AA8-4013-9FC2-B4B3B3D4522A}.Release|x64.Build.0 = Release|Any CPU
		{45D4F6CC-1AA8-4013-9FC2-B4B3B3D4522A}.Release|x86.ActiveCfg = Release|Any CPU
		{45D4F6CC-1AA8-4013-9FC2-B4B3B3D4522A}.Release|x86.Build.0 = Release|Any CPU
		{1639D873-87D1-4C57-88F6-D6E09A3CB6B8}.Debug|Any CPU.ActiveCfg = Debug|Any CPU
		{1639D873-87D1-4C57-88F6-D6E09A3CB6B8}.Debug|Any CPU.Build.0 = Debug|Any CPU
		{1639D873-87D1-4C57-88F6-D6E09A3CB6B8}.Debug|x64.ActiveCfg = Debug|Any CPU
		{1639D873-87D1-4C57-88F6-D6E09A3CB6B8}.Debug|x64.Build.0 = Debug|Any CPU
		{1639D873-87D1-4C57-88F6-D6E09A3CB6B8}.Debug|x86.ActiveCfg = Debug|Any CPU
		{1639D873-87D1-4C57-88F6-D6E09A3CB6B8}.Debug|x86.Build.0 = Debug|Any CPU
		{1639D873-87D1-4C57-88F6-D6E09A3CB6B8}.Release|Any CPU.ActiveCfg = Release|Any CPU
		{1639D873-87D1-4C57-88F6-D6E09A3CB6B8}.Release|Any CPU.Build.0 = Release|Any CPU
		{1639D873-87D1-4C57-88F6-D6E09A3CB6B8}.Release|x64.ActiveCfg = Release|Any CPU
		{1639D873-87D1-4C57-88F6-D6E09A3CB6B8}.Release|x64.Build.0 = Release|Any CPU
		{1639D873-87D1-4C57-88F6-D6E09A3CB6B8}.Release|x86.ActiveCfg = Release|Any CPU
		{1639D873-87D1-4C57-88F6-D6E09A3CB6B8}.Release|x86.Build.0 = Release|Any CPU
		{7A0C615A-441E-459A-A3F8-7EB8E5BBA9B5}.Debug|Any CPU.ActiveCfg = Debug|Any CPU
		{7A0C615A-441E-459A-A3F8-7EB8E5BBA9B5}.Debug|Any CPU.Build.0 = Debug|Any CPU
		{7A0C615A-441E-459A-A3F8-7EB8E5BBA9B5}.Debug|x64.ActiveCfg = Debug|Any CPU
		{7A0C615A-441E-459A-A3F8-7EB8E5BBA9B5}.Debug|x64.Build.0 = Debug|Any CPU
		{7A0C615A-441E-459A-A3F8-7EB8E5BBA9B5}.Debug|x86.ActiveCfg = Debug|Any CPU
		{7A0C615A-441E-459A-A3F8-7EB8E5BBA9B5}.Debug|x86.Build.0 = Debug|Any CPU
		{7A0C615A-441E-459A-A3F8-7EB8E5BBA9B5}.Release|Any CPU.ActiveCfg = Release|Any CPU
		{7A0C615A-441E-459A-A3F8-7EB8E5BBA9B5}.Release|Any CPU.Build.0 = Release|Any CPU
		{7A0C615A-441E-459A-A3F8-7EB8E5BBA9B5}.Release|x64.ActiveCfg = Release|Any CPU
		{7A0C615A-441E-459A-A3F8-7EB8E5BBA9B5}.Release|x64.Build.0 = Release|Any CPU
		{7A0C615A-441E-459A-A3F8-7EB8E5BBA9B5}.Release|x86.ActiveCfg = Release|Any CPU
		{7A0C615A-441E-459A-A3F8-7EB8E5BBA9B5}.Release|x86.Build.0 = Release|Any CPU
		{5BCE2CD5-4DF1-4268-914A-C5C6AB596D1D}.Debug|Any CPU.ActiveCfg = Debug|Any CPU
		{5BCE2CD5-4DF1-4268-914A-C5C6AB596D1D}.Debug|Any CPU.Build.0 = Debug|Any CPU
		{5BCE2CD5-4DF1-4268-914A-C5C6AB596D1D}.Debug|x64.ActiveCfg = Debug|Any CPU
		{5BCE2CD5-4DF1-4268-914A-C5C6AB596D1D}.Debug|x64.Build.0 = Debug|Any CPU
		{5BCE2CD5-4DF1-4268-914A-C5C6AB596D1D}.Debug|x86.ActiveCfg = Debug|Any CPU
		{5BCE2CD5-4DF1-4268-914A-C5C6AB596D1D}.Debug|x86.Build.0 = Debug|Any CPU
		{5BCE2CD5-4DF1-4268-914A-C5C6AB596D1D}.Release|Any CPU.ActiveCfg = Release|Any CPU
		{5BCE2CD5-4DF1-4268-914A-C5C6AB596D1D}.Release|Any CPU.Build.0 = Release|Any CPU
		{5BCE2CD5-4DF1-4268-914A-C5C6AB596D1D}.Release|x64.ActiveCfg = Release|Any CPU
		{5BCE2CD5-4DF1-4268-914A-C5C6AB596D1D}.Release|x64.Build.0 = Release|Any CPU
		{5BCE2CD5-4DF1-4268-914A-C5C6AB596D1D}.Release|x86.ActiveCfg = Release|Any CPU
		{5BCE2CD5-4DF1-4268-914A-C5C6AB596D1D}.Release|x86.Build.0 = Release|Any CPU
		{34E5989B-6705-44D3-8D32-EF92939EEE8E}.Debug|Any CPU.ActiveCfg = Debug|Any CPU
		{34E5989B-6705-44D3-8D32-EF92939EEE8E}.Debug|Any CPU.Build.0 = Debug|Any CPU
		{34E5989B-6705-44D3-8D32-EF92939EEE8E}.Debug|x64.ActiveCfg = Debug|Any CPU
		{34E5989B-6705-44D3-8D32-EF92939EEE8E}.Debug|x64.Build.0 = Debug|Any CPU
		{34E5989B-6705-44D3-8D32-EF92939EEE8E}.Debug|x86.ActiveCfg = Debug|Any CPU
		{34E5989B-6705-44D3-8D32-EF92939EEE8E}.Debug|x86.Build.0 = Debug|Any CPU
		{34E5989B-6705-44D3-8D32-EF92939EEE8E}.Release|Any CPU.ActiveCfg = Release|Any CPU
		{34E5989B-6705-44D3-8D32-EF92939EEE8E}.Release|Any CPU.Build.0 = Release|Any CPU
		{34E5989B-6705-44D3-8D32-EF92939EEE8E}.Release|x64.ActiveCfg = Release|Any CPU
		{34E5989B-6705-44D3-8D32-EF92939EEE8E}.Release|x64.Build.0 = Release|Any CPU
		{34E5989B-6705-44D3-8D32-EF92939EEE8E}.Release|x86.ActiveCfg = Release|Any CPU
		{34E5989B-6705-44D3-8D32-EF92939EEE8E}.Release|x86.Build.0 = Release|Any CPU
		{509EB383-7C2C-4A43-A936-C5E536615031}.Debug|Any CPU.ActiveCfg = Debug|Any CPU
		{509EB383-7C2C-4A43-A936-C5E536615031}.Debug|Any CPU.Build.0 = Debug|Any CPU
		{509EB383-7C2C-4A43-A936-C5E536615031}.Debug|x64.ActiveCfg = Debug|Any CPU
		{509EB383-7C2C-4A43-A936-C5E536615031}.Debug|x64.Build.0 = Debug|Any CPU
		{509EB383-7C2C-4A43-A936-C5E536615031}.Debug|x86.ActiveCfg = Debug|Any CPU
		{509EB383-7C2C-4A43-A936-C5E536615031}.Debug|x86.Build.0 = Debug|Any CPU
		{509EB383-7C2C-4A43-A936-C5E536615031}.Release|Any CPU.ActiveCfg = Release|Any CPU
		{509EB383-7C2C-4A43-A936-C5E536615031}.Release|Any CPU.Build.0 = Release|Any CPU
		{509EB383-7C2C-4A43-A936-C5E536615031}.Release|x64.ActiveCfg = Release|Any CPU
		{509EB383-7C2C-4A43-A936-C5E536615031}.Release|x64.Build.0 = Release|Any CPU
		{509EB383-7C2C-4A43-A936-C5E536615031}.Release|x86.ActiveCfg = Release|Any CPU
		{509EB383-7C2C-4A43-A936-C5E536615031}.Release|x86.Build.0 = Release|Any CPU
		{0B36F92D-F2CB-4EC0-A91E-8B740556869F}.Debug|Any CPU.ActiveCfg = Debug|Any CPU
		{0B36F92D-F2CB-4EC0-A91E-8B740556869F}.Debug|Any CPU.Build.0 = Debug|Any CPU
		{0B36F92D-F2CB-4EC0-A91E-8B740556869F}.Debug|x64.ActiveCfg = Debug|Any CPU
		{0B36F92D-F2CB-4EC0-A91E-8B740556869F}.Debug|x64.Build.0 = Debug|Any CPU
		{0B36F92D-F2CB-4EC0-A91E-8B740556869F}.Debug|x86.ActiveCfg = Debug|Any CPU
		{0B36F92D-F2CB-4EC0-A91E-8B740556869F}.Debug|x86.Build.0 = Debug|Any CPU
		{0B36F92D-F2CB-4EC0-A91E-8B740556869F}.Release|Any CPU.ActiveCfg = Release|Any CPU
		{0B36F92D-F2CB-4EC0-A91E-8B740556869F}.Release|Any CPU.Build.0 = Release|Any CPU
		{0B36F92D-F2CB-4EC0-A91E-8B740556869F}.Release|x64.ActiveCfg = Release|Any CPU
		{0B36F92D-F2CB-4EC0-A91E-8B740556869F}.Release|x64.Build.0 = Release|Any CPU
		{0B36F92D-F2CB-4EC0-A91E-8B740556869F}.Release|x86.ActiveCfg = Release|Any CPU
		{0B36F92D-F2CB-4EC0-A91E-8B740556869F}.Release|x86.Build.0 = Release|Any CPU
		{B0188DD3-AFB5-41FA-A3B4-8F5B8122A9C5}.Debug|Any CPU.ActiveCfg = Debug|Any CPU
		{B0188DD3-AFB5-41FA-A3B4-8F5B8122A9C5}.Debug|Any CPU.Build.0 = Debug|Any CPU
		{B0188DD3-AFB5-41FA-A3B4-8F5B8122A9C5}.Debug|x64.ActiveCfg = Debug|Any CPU
		{B0188DD3-AFB5-41FA-A3B4-8F5B8122A9C5}.Debug|x64.Build.0 = Debug|Any CPU
		{B0188DD3-AFB5-41FA-A3B4-8F5B8122A9C5}.Debug|x86.ActiveCfg = Debug|Any CPU
		{B0188DD3-AFB5-41FA-A3B4-8F5B8122A9C5}.Debug|x86.Build.0 = Debug|Any CPU
		{B0188DD3-AFB5-41FA-A3B4-8F5B8122A9C5}.Release|Any CPU.ActiveCfg = Release|Any CPU
		{B0188DD3-AFB5-41FA-A3B4-8F5B8122A9C5}.Release|Any CPU.Build.0 = Release|Any CPU
		{B0188DD3-AFB5-41FA-A3B4-8F5B8122A9C5}.Release|x64.ActiveCfg = Release|Any CPU
		{B0188DD3-AFB5-41FA-A3B4-8F5B8122A9C5}.Release|x64.Build.0 = Release|Any CPU
		{B0188DD3-AFB5-41FA-A3B4-8F5B8122A9C5}.Release|x86.ActiveCfg = Release|Any CPU
		{B0188DD3-AFB5-41FA-A3B4-8F5B8122A9C5}.Release|x86.Build.0 = Release|Any CPU
		{28185E72-260D-40A9-848D-F0EED1780C14}.Debug|Any CPU.ActiveCfg = Debug|Any CPU
		{28185E72-260D-40A9-848D-F0EED1780C14}.Debug|Any CPU.Build.0 = Debug|Any CPU
		{28185E72-260D-40A9-848D-F0EED1780C14}.Debug|x64.ActiveCfg = Debug|Any CPU
		{28185E72-260D-40A9-848D-F0EED1780C14}.Debug|x64.Build.0 = Debug|Any CPU
		{28185E72-260D-40A9-848D-F0EED1780C14}.Debug|x86.ActiveCfg = Debug|Any CPU
		{28185E72-260D-40A9-848D-F0EED1780C14}.Debug|x86.Build.0 = Debug|Any CPU
		{28185E72-260D-40A9-848D-F0EED1780C14}.Release|Any CPU.ActiveCfg = Release|Any CPU
		{28185E72-260D-40A9-848D-F0EED1780C14}.Release|Any CPU.Build.0 = Release|Any CPU
		{28185E72-260D-40A9-848D-F0EED1780C14}.Release|x64.ActiveCfg = Release|Any CPU
		{28185E72-260D-40A9-848D-F0EED1780C14}.Release|x64.Build.0 = Release|Any CPU
		{28185E72-260D-40A9-848D-F0EED1780C14}.Release|x86.ActiveCfg = Release|Any CPU
		{28185E72-260D-40A9-848D-F0EED1780C14}.Release|x86.Build.0 = Release|Any CPU
		{2411BF0A-0E07-420F-93CA-F5988E6EEE29}.Debug|Any CPU.ActiveCfg = Debug|Any CPU
		{2411BF0A-0E07-420F-93CA-F5988E6EEE29}.Debug|Any CPU.Build.0 = Debug|Any CPU
		{2411BF0A-0E07-420F-93CA-F5988E6EEE29}.Debug|x64.ActiveCfg = Debug|Any CPU
		{2411BF0A-0E07-420F-93CA-F5988E6EEE29}.Debug|x64.Build.0 = Debug|Any CPU
		{2411BF0A-0E07-420F-93CA-F5988E6EEE29}.Debug|x86.ActiveCfg = Debug|Any CPU
		{2411BF0A-0E07-420F-93CA-F5988E6EEE29}.Debug|x86.Build.0 = Debug|Any CPU
		{2411BF0A-0E07-420F-93CA-F5988E6EEE29}.Release|Any CPU.ActiveCfg = Release|Any CPU
		{2411BF0A-0E07-420F-93CA-F5988E6EEE29}.Release|Any CPU.Build.0 = Release|Any CPU
		{2411BF0A-0E07-420F-93CA-F5988E6EEE29}.Release|x64.ActiveCfg = Release|Any CPU
		{2411BF0A-0E07-420F-93CA-F5988E6EEE29}.Release|x64.Build.0 = Release|Any CPU
		{2411BF0A-0E07-420F-93CA-F5988E6EEE29}.Release|x86.ActiveCfg = Release|Any CPU
		{2411BF0A-0E07-420F-93CA-F5988E6EEE29}.Release|x86.Build.0 = Release|Any CPU
	EndGlobalSection
	GlobalSection(NestedProjects) = preSolution
		{CAE907CD-DAC0-4B8F-879E-79DA8935E057} = {7B1F9A92-693F-4A30-BCCC-15FF58027582}
		{B6D4CEF5-73C8-4ED3-B490-0590B75FC7A0} = {7B1F9A92-693F-4A30-BCCC-15FF58027582}
		{49324340-8B99-4D77-9BA7-F9D264C37BD2} = {7B1F9A92-693F-4A30-BCCC-15FF58027582}
		{BECDF751-F1E0-4DC6-AC2C-9C8413613DC5} = {CAE907CD-DAC0-4B8F-879E-79DA8935E057}
		{CA323FCF-AF12-4D1F-8229-0B11E90C36E8} = {49324340-8B99-4D77-9BA7-F9D264C37BD2}
		{2011B1A0-A361-4767-A472-6E0BE754DFEC} = {49324340-8B99-4D77-9BA7-F9D264C37BD2}
		{68DEB8A4-E1BB-4C0C-A1F7-93BD41B55862} = {B6D4CEF5-73C8-4ED3-B490-0590B75FC7A0}
		{6B5BEDBF-39AF-48A6-AE5F-86AB01D92CF2} = {68DEB8A4-E1BB-4C0C-A1F7-93BD41B55862}
		{6F44ADE9-0191-4575-8F99-66B6A30B1BB8} = {68DEB8A4-E1BB-4C0C-A1F7-93BD41B55862}
		{4B8F9B7D-2C9C-46B6-AB2D-4EF74A8771A7} = {B6D4CEF5-73C8-4ED3-B490-0590B75FC7A0}
		{744DA0E2-CCC8-4252-8FA3-3BA67B2C2C93} = {4B8F9B7D-2C9C-46B6-AB2D-4EF74A8771A7}
		{054F7D97-BCDE-4358-A448-B13B4FD9764A} = {4B8F9B7D-2C9C-46B6-AB2D-4EF74A8771A7}
		{07B92A21-E9C4-4774-ACD2-344B6DB7A82D} = {B6D4CEF5-73C8-4ED3-B490-0590B75FC7A0}
		{571EBA10-0863-4A47-8F5D-D6FA7AB48AD9} = {07B92A21-E9C4-4774-ACD2-344B6DB7A82D}
		{11CB4D80-9393-4991-B681-DC8807AC22BB} = {07B92A21-E9C4-4774-ACD2-344B6DB7A82D}
		{6BA94A1E-1245-4D6A-BDAF-B21E7B5FF244} = {B6D4CEF5-73C8-4ED3-B490-0590B75FC7A0}
		{3FE092DC-2AD0-4DD7-97D6-715E590944A1} = {6BA94A1E-1245-4D6A-BDAF-B21E7B5FF244}
		{3714A08E-EBD9-4807-8B16-FD6A9892DFB4} = {6BA94A1E-1245-4D6A-BDAF-B21E7B5FF244}
		{45D4F6CC-1AA8-4013-9FC2-B4B3B3D4522A} = {68DEB8A4-E1BB-4C0C-A1F7-93BD41B55862}
		{59AB43C5-B5F2-4992-B9A1-68770618C7D1} = {B6D4CEF5-73C8-4ED3-B490-0590B75FC7A0}
		{1639D873-87D1-4C57-88F6-D6E09A3CB6B8} = {59AB43C5-B5F2-4992-B9A1-68770618C7D1}
		{7A0C615A-441E-459A-A3F8-7EB8E5BBA9B5} = {59AB43C5-B5F2-4992-B9A1-68770618C7D1}
		{5BCE2CD5-4DF1-4268-914A-C5C6AB596D1D} = {59AB43C5-B5F2-4992-B9A1-68770618C7D1}
		{34E5989B-6705-44D3-8D32-EF92939EEE8E} = {59AB43C5-B5F2-4992-B9A1-68770618C7D1}
		{B7443D1D-AAAB-4656-8729-326A9316EEF9} = {B6D4CEF5-73C8-4ED3-B490-0590B75FC7A0}
		{509EB383-7C2C-4A43-A936-C5E536615031} = {B7443D1D-AAAB-4656-8729-326A9316EEF9}
		{0B36F92D-F2CB-4EC0-A91E-8B740556869F} = {B7443D1D-AAAB-4656-8729-326A9316EEF9}
		{B0188DD3-AFB5-41FA-A3B4-8F5B8122A9C5} = {B7443D1D-AAAB-4656-8729-326A9316EEF9}
		{28185E72-260D-40A9-848D-F0EED1780C14} = {B7443D1D-AAAB-4656-8729-326A9316EEF9}
		{2411BF0A-0E07-420F-93CA-F5988E6EEE29} = {B7443D1D-AAAB-4656-8729-326A9316EEF9}
	EndGlobalSection
EndGlobal
