
Microsoft Visual Studio Solution File, Format Version 12.00
# Visual Studio Version 16
VisualStudioVersion = 16.0.30114.105
MinimumVisualStudioVersion = 10.0.40219.1
Project("{FAE04EC0-301F-11D3-BF4B-00C04F79EFBC}") = "Confab.Bootstrapper", "src\Bootstraper\Confab.Bootstrapper\Confab.Bootstrapper.csproj", "{BECDF751-F1E0-4DC6-AC2C-9C8413613DC5}"
EndProject
Project("{2150E333-8FDC-42A3-9474-1A3956D46DE8}") = "src", "src", "{7B1F9A92-693F-4A30-BCCC-15FF58027582}"
EndProject
Project("{2150E333-8FDC-42A3-9474-1A3956D46DE8}") = "tests", "tests", "{9021DDA0-CBFC-4B24-9B93-F4020119C09B}"
EndProject
Project("{2150E333-8FDC-42A3-9474-1A3956D46DE8}") = "Bootstraper", "Bootstraper", "{CAE907CD-DAC0-4B8F-879E-79DA8935E057}"
EndProject
Project("{2150E333-8FDC-42A3-9474-1A3956D46DE8}") = "Modules", "Modules", "{B6D4CEF5-73C8-4ED3-B490-0590B75FC7A0}"
EndProject
Project("{2150E333-8FDC-42A3-9474-1A3956D46DE8}") = "Shared", "Shared", "{49324340-8B99-4D77-9BA7-F9D264C37BD2}"
EndProject
Project("{FAE04EC0-301F-11D3-BF4B-00C04F79EFBC}") = "Confab.Shared.Abstractions", "src\Shared\Confab.Shared.Abstractions\Confab.Shared.Abstractions.csproj", "{CA323FCF-AF12-4D1F-8229-0B11E90C36E8}"
EndProject
Project("{FAE04EC0-301F-11D3-BF4B-00C04F79EFBC}") = "Confab.Shared.Infrastructure", "src\Shared\Confab.Shared.Infrastructure\Confab.Shared.Infrastructure.csproj", "{2011B1A0-A361-4767-A472-6E0BE754DFEC}"
EndProject
Project("{2150E333-8FDC-42A3-9474-1A3956D46DE8}") = "Conferences", "Conferences", "{68DEB8A4-E1BB-4C0C-A1F7-93BD41B55862}"
EndProject
Project("{FAE04EC0-301F-11D3-BF4B-00C04F79EFBC}") = "Confab.Modules.Conferences.Api", "src\Modules\Conferences\Confab.Modules.Conferences.Api\Confab.Modules.Conferences.Api.csproj", "{6B5BEDBF-39AF-48A6-AE5F-86AB01D92CF2}"
EndProject
Project("{FAE04EC0-301F-11D3-BF4B-00C04F79EFBC}") = "Confab.Modules.Conferences.Core", "src\Modules\Conferences\Confab.Modules.Conferences.Core\Confab.Modules.Conferences.Core.csproj", "{6F44ADE9-0191-4575-8F99-66B6A30B1BB8}"
EndProject
Project("{2150E333-8FDC-42A3-9474-1A3956D46DE8}") = "Speakers", "Speakers", "{4B8F9B7D-2C9C-46B6-AB2D-4EF74A8771A7}"
EndProject
Project("{FAE04EC0-301F-11D3-BF4B-00C04F79EFBC}") = "Confab.Modules.Speakers.Api", "src\Modules\Confab.Modules.Speakers.Api\Confab.Modules.Speakers.Api.csproj", "{744DA0E2-CCC8-4252-8FA3-3BA67B2C2C93}"
EndProject
Project("{FAE04EC0-301F-11D3-BF4B-00C04F79EFBC}") = "Confab.Modules.Speakers.Core", "src\Modules\Confab.Modules.Speakers.Core\Confab.Modules.Speakers.Core.csproj", "{054F7D97-BCDE-4358-A448-B13B4FD9764A}"
EndProject
Project("{2150E333-8FDC-42A3-9474-1A3956D46DE8}") = "Users", "Users", "{07B92A21-E9C4-4774-ACD2-344B6DB7A82D}"
EndProject
Project("{FAE04EC0-301F-11D3-BF4B-00C04F79EFBC}") = "Confab.Modules.Users.Api", "src\Modules\Users\Confab.Modules.Users.Api\Confab.Modules.Users.Api.csproj", "{571EBA10-0863-4A47-8F5D-D6FA7AB48AD9}"
EndProject
Project("{FAE04EC0-301F-11D3-BF4B-00C04F79EFBC}") = "Confab.Modules.Users.Core", "src\Modules\Users\Confab.Modules.Users.Core\Confab.Modules.Users.Core.csproj", "{11CB4D80-9393-4991-B681-DC8807AC22BB}"
EndProject
Global
	GlobalSection(SolutionConfigurationPlatforms) = preSolution
		Debug|Any CPU = Debug|Any CPU
		Debug|x64 = Debug|x64
		Debug|x86 = Debug|x86
		Release|Any CPU = Release|Any CPU
		Release|x64 = Release|x64
		Release|x86 = Release|x86
	EndGlobalSection
	GlobalSection(SolutionProperties) = preSolution
		HideSolutionNode = FALSE
	EndGlobalSection
	GlobalSection(ProjectConfigurationPlatforms) = postSolution
		{BECDF751-F1E0-4DC6-AC2C-9C8413613DC5}.Debug|Any CPU.ActiveCfg = Debug|Any CPU
		{BECDF751-F1E0-4DC6-AC2C-9C8413613DC5}.Debug|Any CPU.Build.0 = Debug|Any CPU
		{BECDF751-F1E0-4DC6-AC2C-9C8413613DC5}.Debug|x64.ActiveCfg = Debug|Any CPU
		{BECDF751-F1E0-4DC6-AC2C-9C8413613DC5}.Debug|x64.Build.0 = Debug|Any CPU
		{BECDF751-F1E0-4DC6-AC2C-9C8413613DC5}.Debug|x86.ActiveCfg = Debug|Any CPU
		{BECDF751-F1E0-4DC6-AC2C-9C8413613DC5}.Debug|x86.Build.0 = Debug|Any CPU
		{BECDF751-F1E0-4DC6-AC2C-9C8413613DC5}.Release|Any CPU.ActiveCfg = Release|Any CPU
		{BECDF751-F1E0-4DC6-AC2C-9C8413613DC5}.Release|Any CPU.Build.0 = Release|Any CPU
		{BECDF751-F1E0-4DC6-AC2C-9C8413613DC5}.Release|x64.ActiveCfg = Release|Any CPU
		{BECDF751-F1E0-4DC6-AC2C-9C8413613DC5}.Release|x64.Build.0 = Release|Any CPU
		{BECDF751-F1E0-4DC6-AC2C-9C8413613DC5}.Release|x86.ActiveCfg = Release|Any CPU
		{BECDF751-F1E0-4DC6-AC2C-9C8413613DC5}.Release|x86.Build.0 = Release|Any CPU
		{CA323FCF-AF12-4D1F-8229-0B11E90C36E8}.Debug|Any CPU.ActiveCfg = Debug|Any CPU
		{CA323FCF-AF12-4D1F-8229-0B11E90C36E8}.Debug|Any CPU.Build.0 = Debug|Any CPU
		{CA323FCF-AF12-4D1F-8229-0B11E90C36E8}.Debug|x64.ActiveCfg = Debug|Any CPU
		{CA323FCF-AF12-4D1F-8229-0B11E90C36E8}.Debug|x64.Build.0 = Debug|Any CPU
		{CA323FCF-AF12-4D1F-8229-0B11E90C36E8}.Debug|x86.ActiveCfg = Debug|Any CPU
		{CA323FCF-AF12-4D1F-8229-0B11E90C36E8}.Debug|x86.Build.0 = Debug|Any CPU
		{CA323FCF-AF12-4D1F-8229-0B11E90C36E8}.Release|Any CPU.ActiveCfg = Release|Any CPU
		{CA323FCF-AF12-4D1F-8229-0B11E90C36E8}.Release|Any CPU.Build.0 = Release|Any CPU
		{CA323FCF-AF12-4D1F-8229-0B11E90C36E8}.Release|x64.ActiveCfg = Release|Any CPU
		{CA323FCF-AF12-4D1F-8229-0B11E90C36E8}.Release|x64.Build.0 = Release|Any CPU
		{CA323FCF-AF12-4D1F-8229-0B11E90C36E8}.Release|x86.ActiveCfg = Release|Any CPU
		{CA323FCF-AF12-4D1F-8229-0B11E90C36E8}.Release|x86.Build.0 = Release|Any CPU
		{2011B1A0-A361-4767-A472-6E0BE754DFEC}.Debug|Any CPU.ActiveCfg = Debug|Any CPU
		{2011B1A0-A361-4767-A472-6E0BE754DFEC}.Debug|Any CPU.Build.0 = Debug|Any CPU
		{2011B1A0-A361-4767-A472-6E0BE754DFEC}.Debug|x64.ActiveCfg = Debug|Any CPU
		{2011B1A0-A361-4767-A472-6E0BE754DFEC}.Debug|x64.Build.0 = Debug|Any CPU
		{2011B1A0-A361-4767-A472-6E0BE754DFEC}.Debug|x86.ActiveCfg = Debug|Any CPU
		{2011B1A0-A361-4767-A472-6E0BE754DFEC}.Debug|x86.Build.0 = Debug|Any CPU
		{2011B1A0-A361-4767-A472-6E0BE754DFEC}.Release|Any CPU.ActiveCfg = Release|Any CPU
		{2011B1A0-A361-4767-A472-6E0BE754DFEC}.Release|Any CPU.Build.0 = Release|Any CPU
		{2011B1A0-A361-4767-A472-6E0BE754DFEC}.Release|x64.ActiveCfg = Release|Any CPU
		{2011B1A0-A361-4767-A472-6E0BE754DFEC}.Release|x64.Build.0 = Release|Any CPU
		{2011B1A0-A361-4767-A472-6E0BE754DFEC}.Release|x86.ActiveCfg = Release|Any CPU
		{2011B1A0-A361-4767-A472-6E0BE754DFEC}.Release|x86.Build.0 = Release|Any CPU
		{6B5BEDBF-39AF-48A6-AE5F-86AB01D92CF2}.Debug|Any CPU.ActiveCfg = Debug|Any CPU
		{6B5BEDBF-39AF-48A6-AE5F-86AB01D92CF2}.Debug|Any CPU.Build.0 = Debug|Any CPU
		{6B5BEDBF-39AF-48A6-AE5F-86AB01D92CF2}.Debug|x64.ActiveCfg = Debug|Any CPU
		{6B5BEDBF-39AF-48A6-AE5F-86AB01D92CF2}.Debug|x64.Build.0 = Debug|Any CPU
		{6B5BEDBF-39AF-48A6-AE5F-86AB01D92CF2}.Debug|x86.ActiveCfg = Debug|Any CPU
		{6B5BEDBF-39AF-48A6-AE5F-86AB01D92CF2}.Debug|x86.Build.0 = Debug|Any CPU
		{6B5BEDBF-39AF-48A6-AE5F-86AB01D92CF2}.Release|Any CPU.ActiveCfg = Release|Any CPU
		{6B5BEDBF-39AF-48A6-AE5F-86AB01D92CF2}.Release|Any CPU.Build.0 = Release|Any CPU
		{6B5BEDBF-39AF-48A6-AE5F-86AB01D92CF2}.Release|x64.ActiveCfg = Release|Any CPU
		{6B5BEDBF-39AF-48A6-AE5F-86AB01D92CF2}.Release|x64.Build.0 = Release|Any CPU
		{6B5BEDBF-39AF-48A6-AE5F-86AB01D92CF2}.Release|x86.ActiveCfg = Release|Any CPU
		{6B5BEDBF-39AF-48A6-AE5F-86AB01D92CF2}.Release|x86.Build.0 = Release|Any CPU
		{6F44ADE9-0191-4575-8F99-66B6A30B1BB8}.Debug|Any CPU.ActiveCfg = Debug|Any CPU
		{6F44ADE9-0191-4575-8F99-66B6A30B1BB8}.Debug|Any CPU.Build.0 = Debug|Any CPU
		{6F44ADE9-0191-4575-8F99-66B6A30B1BB8}.Debug|x64.ActiveCfg = Debug|Any CPU
		{6F44ADE9-0191-4575-8F99-66B6A30B1BB8}.Debug|x64.Build.0 = Debug|Any CPU
		{6F44ADE9-0191-4575-8F99-66B6A30B1BB8}.Debug|x86.ActiveCfg = Debug|Any CPU
		{6F44ADE9-0191-4575-8F99-66B6A30B1BB8}.Debug|x86.Build.0 = Debug|Any CPU
		{6F44ADE9-0191-4575-8F99-66B6A30B1BB8}.Release|Any CPU.ActiveCfg = Release|Any CPU
		{6F44ADE9-0191-4575-8F99-66B6A30B1BB8}.Release|Any CPU.Build.0 = Release|Any CPU
		{6F44ADE9-0191-4575-8F99-66B6A30B1BB8}.Release|x64.ActiveCfg = Release|Any CPU
		{6F44ADE9-0191-4575-8F99-66B6A30B1BB8}.Release|x64.Build.0 = Release|Any CPU
		{6F44ADE9-0191-4575-8F99-66B6A30B1BB8}.Release|x86.ActiveCfg = Release|Any CPU
		{6F44ADE9-0191-4575-8F99-66B6A30B1BB8}.Release|x86.Build.0 = Release|Any CPU
		{744DA0E2-CCC8-4252-8FA3-3BA67B2C2C93}.Debug|Any CPU.ActiveCfg = Debug|Any CPU
		{744DA0E2-CCC8-4252-8FA3-3BA67B2C2C93}.Debug|Any CPU.Build.0 = Debug|Any CPU
		{744DA0E2-CCC8-4252-8FA3-3BA67B2C2C93}.Debug|x64.ActiveCfg = Debug|Any CPU
		{744DA0E2-CCC8-4252-8FA3-3BA67B2C2C93}.Debug|x64.Build.0 = Debug|Any CPU
		{744DA0E2-CCC8-4252-8FA3-3BA67B2C2C93}.Debug|x86.ActiveCfg = Debug|Any CPU
		{744DA0E2-CCC8-4252-8FA3-3BA67B2C2C93}.Debug|x86.Build.0 = Debug|Any CPU
		{744DA0E2-CCC8-4252-8FA3-3BA67B2C2C93}.Release|Any CPU.ActiveCfg = Release|Any CPU
		{744DA0E2-CCC8-4252-8FA3-3BA67B2C2C93}.Release|Any CPU.Build.0 = Release|Any CPU
		{744DA0E2-CCC8-4252-8FA3-3BA67B2C2C93}.Release|x64.ActiveCfg = Release|Any CPU
		{744DA0E2-CCC8-4252-8FA3-3BA67B2C2C93}.Release|x64.Build.0 = Release|Any CPU
		{744DA0E2-CCC8-4252-8FA3-3BA67B2C2C93}.Release|x86.ActiveCfg = Release|Any CPU
		{744DA0E2-CCC8-4252-8FA3-3BA67B2C2C93}.Release|x86.Build.0 = Release|Any CPU
		{054F7D97-BCDE-4358-A448-B13B4FD9764A}.Debug|Any CPU.ActiveCfg = Debug|Any CPU
		{054F7D97-BCDE-4358-A448-B13B4FD9764A}.Debug|Any CPU.Build.0 = Debug|Any CPU
		{054F7D97-BCDE-4358-A448-B13B4FD9764A}.Debug|x64.ActiveCfg = Debug|Any CPU
		{054F7D97-BCDE-4358-A448-B13B4FD9764A}.Debug|x64.Build.0 = Debug|Any CPU
		{054F7D97-BCDE-4358-A448-B13B4FD9764A}.Debug|x86.ActiveCfg = Debug|Any CPU
		{054F7D97-BCDE-4358-A448-B13B4FD9764A}.Debug|x86.Build.0 = Debug|Any CPU
		{054F7D97-BCDE-4358-A448-B13B4FD9764A}.Release|Any CPU.ActiveCfg = Release|Any CPU
		{054F7D97-BCDE-4358-A448-B13B4FD9764A}.Release|Any CPU.Build.0 = Release|Any CPU
		{054F7D97-BCDE-4358-A448-B13B4FD9764A}.Release|x64.ActiveCfg = Release|Any CPU
		{054F7D97-BCDE-4358-A448-B13B4FD9764A}.Release|x64.Build.0 = Release|Any CPU
		{054F7D97-BCDE-4358-A448-B13B4FD9764A}.Release|x86.ActiveCfg = Release|Any CPU
		{054F7D97-BCDE-4358-A448-B13B4FD9764A}.Release|x86.Build.0 = Release|Any CPU
		{571EBA10-0863-4A47-8F5D-D6FA7AB48AD9}.Debug|Any CPU.ActiveCfg = Debug|Any CPU
		{571EBA10-0863-4A47-8F5D-D6FA7AB48AD9}.Debug|Any CPU.Build.0 = Debug|Any CPU
		{571EBA10-0863-4A47-8F5D-D6FA7AB48AD9}.Debug|x64.ActiveCfg = Debug|Any CPU
		{571EBA10-0863-4A47-8F5D-D6FA7AB48AD9}.Debug|x64.Build.0 = Debug|Any CPU
		{571EBA10-0863-4A47-8F5D-D6FA7AB48AD9}.Debug|x86.ActiveCfg = Debug|Any CPU
		{571EBA10-0863-4A47-8F5D-D6FA7AB48AD9}.Debug|x86.Build.0 = Debug|Any CPU
		{571EBA10-0863-4A47-8F5D-D6FA7AB48AD9}.Release|Any CPU.ActiveCfg = Release|Any CPU
		{571EBA10-0863-4A47-8F5D-D6FA7AB48AD9}.Release|Any CPU.Build.0 = Release|Any CPU
		{571EBA10-0863-4A47-8F5D-D6FA7AB48AD9}.Release|x64.ActiveCfg = Release|Any CPU
		{571EBA10-0863-4A47-8F5D-D6FA7AB48AD9}.Release|x64.Build.0 = Release|Any CPU
		{571EBA10-0863-4A47-8F5D-D6FA7AB48AD9}.Release|x86.ActiveCfg = Release|Any CPU
		{571EBA10-0863-4A47-8F5D-D6FA7AB48AD9}.Release|x86.Build.0 = Release|Any CPU
		{11CB4D80-9393-4991-B681-DC8807AC22BB}.Debug|Any CPU.ActiveCfg = Debug|Any CPU
		{11CB4D80-9393-4991-B681-DC8807AC22BB}.Debug|Any CPU.Build.0 = Debug|Any CPU
		{11CB4D80-9393-4991-B681-DC8807AC22BB}.Debug|x64.ActiveCfg = Debug|Any CPU
		{11CB4D80-9393-4991-B681-DC8807AC22BB}.Debug|x64.Build.0 = Debug|Any CPU
		{11CB4D80-9393-4991-B681-DC8807AC22BB}.Debug|x86.ActiveCfg = Debug|Any CPU
		{11CB4D80-9393-4991-B681-DC8807AC22BB}.Debug|x86.Build.0 = Debug|Any CPU
		{11CB4D80-9393-4991-B681-DC8807AC22BB}.Release|Any CPU.ActiveCfg = Release|Any CPU
		{11CB4D80-9393-4991-B681-DC8807AC22BB}.Release|Any CPU.Build.0 = Release|Any CPU
		{11CB4D80-9393-4991-B681-DC8807AC22BB}.Release|x64.ActiveCfg = Release|Any CPU
		{11CB4D80-9393-4991-B681-DC8807AC22BB}.Release|x64.Build.0 = Release|Any CPU
		{11CB4D80-9393-4991-B681-DC8807AC22BB}.Release|x86.ActiveCfg = Release|Any CPU
		{11CB4D80-9393-4991-B681-DC8807AC22BB}.Release|x86.Build.0 = Release|Any CPU
	EndGlobalSection
	GlobalSection(NestedProjects) = preSolution
		{CAE907CD-DAC0-4B8F-879E-79DA8935E057} = {7B1F9A92-693F-4A30-BCCC-15FF58027582}
		{B6D4CEF5-73C8-4ED3-B490-0590B75FC7A0} = {7B1F9A92-693F-4A30-BCCC-15FF58027582}
		{49324340-8B99-4D77-9BA7-F9D264C37BD2} = {7B1F9A92-693F-4A30-BCCC-15FF58027582}
		{BECDF751-F1E0-4DC6-AC2C-9C8413613DC5} = {CAE907CD-DAC0-4B8F-879E-79DA8935E057}
		{CA323FCF-AF12-4D1F-8229-0B11E90C36E8} = {49324340-8B99-4D77-9BA7-F9D264C37BD2}
		{2011B1A0-A361-4767-A472-6E0BE754DFEC} = {49324340-8B99-4D77-9BA7-F9D264C37BD2}
		{68DEB8A4-E1BB-4C0C-A1F7-93BD41B55862} = {B6D4CEF5-73C8-4ED3-B490-0590B75FC7A0}
		{6B5BEDBF-39AF-48A6-AE5F-86AB01D92CF2} = {68DEB8A4-E1BB-4C0C-A1F7-93BD41B55862}
		{6F44ADE9-0191-4575-8F99-66B6A30B1BB8} = {68DEB8A4-E1BB-4C0C-A1F7-93BD41B55862}
		{4B8F9B7D-2C9C-46B6-AB2D-4EF74A8771A7} = {B6D4CEF5-73C8-4ED3-B490-0590B75FC7A0}
		{744DA0E2-CCC8-4252-8FA3-3BA67B2C2C93} = {4B8F9B7D-2C9C-46B6-AB2D-4EF74A8771A7}
		{054F7D97-BCDE-4358-A448-B13B4FD9764A} = {4B8F9B7D-2C9C-46B6-AB2D-4EF74A8771A7}
		{07B92A21-E9C4-4774-ACD2-344B6DB7A82D} = {B6D4CEF5-73C8-4ED3-B490-0590B75FC7A0}
		{571EBA10-0863-4A47-8F5D-D6FA7AB48AD9} = {07B92A21-E9C4-4774-ACD2-344B6DB7A82D}
		{11CB4D80-9393-4991-B681-DC8807AC22BB} = {07B92A21-E9C4-4774-ACD2-344B6DB7A82D}
	EndGlobalSection
EndGlobal
